
Microsoft Visual Studio Solution File, Format Version 12.00
# Visual Studio Version 16
VisualStudioVersion = 16.0.30717.126
MinimumVisualStudioVersion = 10.0.40219.1
Project("{8BC9CEB8-8B4A-11D0-8D11-00A0C91BC942}") = "FileOperation", "FileOperation\FileOperation.vcxproj", "{32528444-F48D-48B7-973D-26B74C7CD49F}"
EndProject
Project("{8BC9CEB8-8B4A-11D0-8D11-00A0C91BC942}") = "reDirection", "reDirection\reDirection.vcxproj", "{1F44B74E-88F8-4FB3-99A2-AC7B813BA63C}"
EndProject
Project("{2150E333-8FDC-42A3-9474-1A3956D46DE8}") = "readme", "readme", "{905F6B9C-36A4-4B4F-82E9-A91BCE403D71}"
	ProjectSection(SolutionItems) = preProject
		结构体定义typedef struct用法详解和用法小结.md = 结构体定义typedef struct用法详解和用法小结.md
	EndProjectSection
EndProject
Project("{8BC9CEB8-8B4A-11D0-8D11-00A0C91BC942}") = "fopenAndfclose", "fopenAndfclose\fopenAndfclose.vcxproj", "{F88C725B-DE9C-4FFC-836F-420991CED825}"
EndProject
Project("{8BC9CEB8-8B4A-11D0-8D11-00A0C91BC942}") = "fgetcAndfputc", "fputcAndfgetc\fputcAndfgetc.vcxproj", "{38A423C7-6927-4289-9A32-44C67C03277E}"
EndProject
Project("{8BC9CEB8-8B4A-11D0-8D11-00A0C91BC942}") = "fgetsAndfputs", "fgetsAndfputs\fgetsAndfputs.vcxproj", "{D77DFB35-0CF7-4608-B67C-4A2C6889AD26}"
EndProject
Project("{8BC9CEB8-8B4A-11D0-8D11-00A0C91BC942}") = "fgetsSample", "fgetsSample\fgetsSample.vcxproj", "{E5F3774C-83DB-46DF-B54A-F30AEC6E37EE}"
EndProject
Project("{8BC9CEB8-8B4A-11D0-8D11-00A0C91BC942}") = "freadSample", "freadSample\freadSample.vcxproj", "{DFCC9551-D103-492C-B0C7-14AE7CE497F3}"
EndProject
Project("{8BC9CEB8-8B4A-11D0-8D11-00A0C91BC942}") = "fwriteSample", "fwrite\fwrite.vcxproj", "{00016591-82D7-40DD-B198-E766F2596430}"
EndProject
Project("{8BC9CEB8-8B4A-11D0-8D11-00A0C91BC942}") = "fprintfSample", "fprintfSample\fprintfSample.vcxproj", "{223F8186-0FA3-4B0A-BA60-DEAC492C559E}"
EndProject
Project("{8BC9CEB8-8B4A-11D0-8D11-00A0C91BC942}") = "fscanfSample", "fscanfSample\fscanfSample.vcxproj", "{BE12CD3A-127A-4488-A9B5-440DC0836A42}"
EndProject
Project("{2150E333-8FDC-42A3-9474-1A3956D46DE8}") = "文件的读写", "文件的读写", "{B5EBA533-FFAB-4CCD-A5BF-F6327029F455}"
EndProject
Project("{2150E333-8FDC-42A3-9474-1A3956D46DE8}") = "文件的打开和关闭", "文件的打开和关闭", "{60E8EFC9-7D90-467C-BCC3-15DC9C42F501}"
EndProject
Project("{2150E333-8FDC-42A3-9474-1A3956D46DE8}") = "重定向", "重定向", "{10CF046C-7C44-46AD-8B09-D6AEB58DFB09}"
EndProject
Project("{2150E333-8FDC-42A3-9474-1A3956D46DE8}") = "文件的定位", "文件的定位", "{2B57B3BD-E16A-4A2A-AE0A-41B457B0A23B}"
EndProject
Project("{8BC9CEB8-8B4A-11D0-8D11-00A0C91BC942}") = "fseekSample", "fseekSample\fseekSample.vcxproj", "{1BA5789D-AA65-4B75-8EAD-2EB6C318C533}"
EndProject
Global
	GlobalSection(SolutionConfigurationPlatforms) = preSolution
		Debug|x64 = Debug|x64
		Debug|x86 = Debug|x86
		Release|x64 = Release|x64
		Release|x86 = Release|x86
	EndGlobalSection
	GlobalSection(ProjectConfigurationPlatforms) = postSolution
		{32528444-F48D-48B7-973D-26B74C7CD49F}.Debug|x64.ActiveCfg = Debug|x64
		{32528444-F48D-48B7-973D-26B74C7CD49F}.Debug|x64.Build.0 = Debug|x64
		{32528444-F48D-48B7-973D-26B74C7CD49F}.Debug|x86.ActiveCfg = Debug|Win32
		{32528444-F48D-48B7-973D-26B74C7CD49F}.Debug|x86.Build.0 = Debug|Win32
		{32528444-F48D-48B7-973D-26B74C7CD49F}.Release|x64.ActiveCfg = Release|x64
		{32528444-F48D-48B7-973D-26B74C7CD49F}.Release|x64.Build.0 = Release|x64
		{32528444-F48D-48B7-973D-26B74C7CD49F}.Release|x86.ActiveCfg = Release|Win32
		{32528444-F48D-48B7-973D-26B74C7CD49F}.Release|x86.Build.0 = Release|Win32
		{1F44B74E-88F8-4FB3-99A2-AC7B813BA63C}.Debug|x64.ActiveCfg = Debug|x64
		{1F44B74E-88F8-4FB3-99A2-AC7B813BA63C}.Debug|x64.Build.0 = Debug|x64
		{1F44B74E-88F8-4FB3-99A2-AC7B813BA63C}.Debug|x86.ActiveCfg = Debug|Win32
		{1F44B74E-88F8-4FB3-99A2-AC7B813BA63C}.Debug|x86.Build.0 = Debug|Win32
		{1F44B74E-88F8-4FB3-99A2-AC7B813BA63C}.Release|x64.ActiveCfg = Release|x64
		{1F44B74E-88F8-4FB3-99A2-AC7B813BA63C}.Release|x64.Build.0 = Release|x64
		{1F44B74E-88F8-4FB3-99A2-AC7B813BA63C}.Release|x86.ActiveCfg = Release|Win32
		{1F44B74E-88F8-4FB3-99A2-AC7B813BA63C}.Release|x86.Build.0 = Release|Win32
		{F88C725B-DE9C-4FFC-836F-420991CED825}.Debug|x64.ActiveCfg = Debug|x64
		{F88C725B-DE9C-4FFC-836F-420991CED825}.Debug|x64.Build.0 = Debug|x64
		{F88C725B-DE9C-4FFC-836F-420991CED825}.Debug|x86.ActiveCfg = Debug|Win32
		{F88C725B-DE9C-4FFC-836F-420991CED825}.Debug|x86.Build.0 = Debug|Win32
		{F88C725B-DE9C-4FFC-836F-420991CED825}.Release|x64.ActiveCfg = Release|x64
		{F88C725B-DE9C-4FFC-836F-420991CED825}.Release|x64.Build.0 = Release|x64
		{F88C725B-DE9C-4FFC-836F-420991CED825}.Release|x86.ActiveCfg = Release|Win32
		{F88C725B-DE9C-4FFC-836F-420991CED825}.Release|x86.Build.0 = Release|Win32
		{38A423C7-6927-4289-9A32-44C67C03277E}.Debug|x64.ActiveCfg = Debug|x64
		{38A423C7-6927-4289-9A32-44C67C03277E}.Debug|x64.Build.0 = Debug|x64
		{38A423C7-6927-4289-9A32-44C67C03277E}.Debug|x86.ActiveCfg = Debug|Win32
		{38A423C7-6927-4289-9A32-44C67C03277E}.Debug|x86.Build.0 = Debug|Win32
		{38A423C7-6927-4289-9A32-44C67C03277E}.Release|x64.ActiveCfg = Release|x64
		{38A423C7-6927-4289-9A32-44C67C03277E}.Release|x64.Build.0 = Release|x64
		{38A423C7-6927-4289-9A32-44C67C03277E}.Release|x86.ActiveCfg = Release|Win32
		{38A423C7-6927-4289-9A32-44C67C03277E}.Release|x86.Build.0 = Release|Win32
		{D77DFB35-0CF7-4608-B67C-4A2C6889AD26}.Debug|x64.ActiveCfg = Debug|x64
		{D77DFB35-0CF7-4608-B67C-4A2C6889AD26}.Debug|x64.Build.0 = Debug|x64
		{D77DFB35-0CF7-4608-B67C-4A2C6889AD26}.Debug|x86.ActiveCfg = Debug|Win32
		{D77DFB35-0CF7-4608-B67C-4A2C6889AD26}.Debug|x86.Build.0 = Debug|Win32
		{D77DFB35-0CF7-4608-B67C-4A2C6889AD26}.Release|x64.ActiveCfg = Release|x64
		{D77DFB35-0CF7-4608-B67C-4A2C6889AD26}.Release|x64.Build.0 = Release|x64
		{D77DFB35-0CF7-4608-B67C-4A2C6889AD26}.Release|x86.ActiveCfg = Release|Win32
		{D77DFB35-0CF7-4608-B67C-4A2C6889AD26}.Release|x86.Build.0 = Release|Win32
		{E5F3774C-83DB-46DF-B54A-F30AEC6E37EE}.Debug|x64.ActiveCfg = Debug|x64
		{E5F3774C-83DB-46DF-B54A-F30AEC6E37EE}.Debug|x64.Build.0 = Debug|x64
		{E5F3774C-83DB-46DF-B54A-F30AEC6E37EE}.Debug|x86.ActiveCfg = Debug|Win32
		{E5F3774C-83DB-46DF-B54A-F30AEC6E37EE}.Debug|x86.Build.0 = Debug|Win32
		{E5F3774C-83DB-46DF-B54A-F30AEC6E37EE}.Release|x64.ActiveCfg = Release|x64
		{E5F3774C-83DB-46DF-B54A-F30AEC6E37EE}.Release|x64.Build.0 = Release|x64
		{E5F3774C-83DB-46DF-B54A-F30AEC6E37EE}.Release|x86.ActiveCfg = Release|Win32
		{E5F3774C-83DB-46DF-B54A-F30AEC6E37EE}.Release|x86.Build.0 = Release|Win32
		{DFCC9551-D103-492C-B0C7-14AE7CE497F3}.Debug|x64.ActiveCfg = Debug|x64
		{DFCC9551-D103-492C-B0C7-14AE7CE497F3}.Debug|x64.Build.0 = Debug|x64
		{DFCC9551-D103-492C-B0C7-14AE7CE497F3}.Debug|x86.ActiveCfg = Debug|Win32
		{DFCC9551-D103-492C-B0C7-14AE7CE497F3}.Debug|x86.Build.0 = Debug|Win32
		{DFCC9551-D103-492C-B0C7-14AE7CE497F3}.Release|x64.ActiveCfg = Release|x64
		{DFCC9551-D103-492C-B0C7-14AE7CE497F3}.Release|x64.Build.0 = Release|x64
		{DFCC9551-D103-492C-B0C7-14AE7CE497F3}.Release|x86.ActiveCfg = Release|Win32
		{DFCC9551-D103-492C-B0C7-14AE7CE497F3}.Release|x86.Build.0 = Release|Win32
		{00016591-82D7-40DD-B198-E766F2596430}.Debug|x64.ActiveCfg = Debug|x64
		{00016591-82D7-40DD-B198-E766F2596430}.Debug|x64.Build.0 = Debug|x64
		{00016591-82D7-40DD-B198-E766F2596430}.Debug|x86.ActiveCfg = Debug|Win32
		{00016591-82D7-40DD-B198-E766F2596430}.Debug|x86.Build.0 = Debug|Win32
		{00016591-82D7-40DD-B198-E766F2596430}.Release|x64.ActiveCfg = Release|x64
		{00016591-82D7-40DD-B198-E766F2596430}.Release|x64.Build.0 = Release|x64
		{00016591-82D7-40DD-B198-E766F2596430}.Release|x86.ActiveCfg = Release|Win32
		{00016591-82D7-40DD-B198-E766F2596430}.Release|x86.Build.0 = Release|Win32
		{223F8186-0FA3-4B0A-BA60-DEAC492C559E}.Debug|x64.ActiveCfg = Debug|x64
		{223F8186-0FA3-4B0A-BA60-DEAC492C559E}.Debug|x64.Build.0 = Debug|x64
		{223F8186-0FA3-4B0A-BA60-DEAC492C559E}.Debug|x86.ActiveCfg = Debug|Win32
		{223F8186-0FA3-4B0A-BA60-DEAC492C559E}.Debug|x86.Build.0 = Debug|Win32
		{223F8186-0FA3-4B0A-BA60-DEAC492C559E}.Release|x64.ActiveCfg = Release|x64
		{223F8186-0FA3-4B0A-BA60-DEAC492C559E}.Release|x64.Build.0 = Release|x64
		{223F8186-0FA3-4B0A-BA60-DEAC492C559E}.Release|x86.ActiveCfg = Release|Win32
		{223F8186-0FA3-4B0A-BA60-DEAC492C559E}.Release|x86.Build.0 = Release|Win32
		{BE12CD3A-127A-4488-A9B5-440DC0836A42}.Debug|x64.ActiveCfg = Debug|x64
		{BE12CD3A-127A-4488-A9B5-440DC0836A42}.Debug|x64.Build.0 = Debug|x64
		{BE12CD3A-127A-4488-A9B5-440DC0836A42}.Debug|x86.ActiveCfg = Debug|Win32
		{BE12CD3A-127A-4488-A9B5-440DC0836A42}.Debug|x86.Build.0 = Debug|Win32
		{BE12CD3A-127A-4488-A9B5-440DC0836A42}.Release|x64.ActiveCfg = Release|x64
		{BE12CD3A-127A-4488-A9B5-440DC0836A42}.Release|x64.Build.0 = Release|x64
		{BE12CD3A-127A-4488-A9B5-440DC0836A42}.Release|x86.ActiveCfg = Release|Win32
		{BE12CD3A-127A-4488-A9B5-440DC0836A42}.Release|x86.Build.0 = Release|Win32
		{1BA5789D-AA65-4B75-8EAD-2EB6C318C533}.Debug|x64.ActiveCfg = Debug|x64
		{1BA5789D-AA65-4B75-8EAD-2EB6C318C533}.Debug|x64.Build.0 = Debug|x64
		{1BA5789D-AA65-4B75-8EAD-2EB6C318C533}.Debug|x86.ActiveCfg = Debug|Win32
		{1BA5789D-AA65-4B75-8EAD-2EB6C318C533}.Debug|x86.Build.0 = Debug|Win32
		{1BA5789D-AA65-4B75-8EAD-2EB6C318C533}.Release|x64.ActiveCfg = Release|x64
		{1BA5789D-AA65-4B75-8EAD-2EB6C318C533}.Release|x64.Build.0 = Release|x64
		{1BA5789D-AA65-4B75-8EAD-2EB6C318C533}.Release|x86.ActiveCfg = Release|Win32
		{1BA5789D-AA65-4B75-8EAD-2EB6C318C533}.Release|x86.Build.0 = Release|Win32
	EndGlobalSection
	GlobalSection(SolutionProperties) = preSolution
		HideSolutionNode = FALSE
	EndGlobalSection
	GlobalSection(NestedProjects) = preSolution
		{1F44B74E-88F8-4FB3-99A2-AC7B813BA63C} = {10CF046C-7C44-46AD-8B09-D6AEB58DFB09}
		{F88C725B-DE9C-4FFC-836F-420991CED825} = {60E8EFC9-7D90-467C-BCC3-15DC9C42F501}
		{38A423C7-6927-4289-9A32-44C67C03277E} = {B5EBA533-FFAB-4CCD-A5BF-F6327029F455}
		{D77DFB35-0CF7-4608-B67C-4A2C6889AD26} = {B5EBA533-FFAB-4CCD-A5BF-F6327029F455}
		{E5F3774C-83DB-46DF-B54A-F30AEC6E37EE} = {B5EBA533-FFAB-4CCD-A5BF-F6327029F455}
		{DFCC9551-D103-492C-B0C7-14AE7CE497F3} = {B5EBA533-FFAB-4CCD-A5BF-F6327029F455}
		{00016591-82D7-40DD-B198-E766F2596430} = {B5EBA533-FFAB-4CCD-A5BF-F6327029F455}
		{223F8186-0FA3-4B0A-BA60-DEAC492C559E} = {B5EBA533-FFAB-4CCD-A5BF-F6327029F455}
		{BE12CD3A-127A-4488-A9B5-440DC0836A42} = {B5EBA533-FFAB-4CCD-A5BF-F6327029F455}
		{1BA5789D-AA65-4B75-8EAD-2EB6C318C533} = {2B57B3BD-E16A-4A2A-AE0A-41B457B0A23B}
	EndGlobalSection
	GlobalSection(ExtensibilityGlobals) = postSolution
		SolutionGuid = {C4E5A170-7F2A-49AE-A61F-FBC20B5BA8D7}
	EndGlobalSection
EndGlobal
